
Microsoft Visual Studio Solution File, Format Version 12.00
# Visual Studio 2013
VisualStudioVersion = 12.0.40629.0
MinimumVisualStudioVersion = 10.0.40219.1
Project("{FAE04EC0-301F-11D3-BF4B-00C04F79EFBC}") = "RemoteComputerOnWeb", "RemoteComputerOnWeb.csproj", "{13002CA2-BCE5-425B-85E3-5CFFE8C90CDC}"
EndProject
Global
	GlobalSection(SolutionConfigurationPlatforms) = preSolution
		Debug|Any CPU = Debug|Any CPU
		Release|Any CPU = Release|Any CPU
	EndGlobalSection
	GlobalSection(ProjectConfigurationPlatforms) = postSolution
		{13002CA2-BCE5-425B-85E3-5CFFE8C90CDC}.Debug|Any CPU.ActiveCfg = Debug|Any CPU
		{13002CA2-BCE5-425B-85E3-5CFFE8C90CDC}.Debug|Any CPU.Build.0 = Debug|Any CPU
		{13002CA2-BCE5-425B-85E3-5CFFE8C90CDC}.Release|Any CPU.ActiveCfg = Release|Any CPU
		{13002CA2-BCE5-425B-85E3-5CFFE8C90CDC}.Release|Any CPU.Build.0 = Release|Any CPU
	EndGlobalSection
	GlobalSection(SolutionProperties) = preSolution
		HideSolutionNode = FALSE
	EndGlobalSection
EndGlobal
